<?xml version="1.0" encoding="utf-8"?>
<Project ToolsVersion="4.0" xmlns="http://schemas.microsoft.com/developer/msbuild/2003">
  <ItemGroup>
    <Filter Include="App">
      <UniqueIdentifier>{f0bdbe2d-5be1-4909-af97-e0951c35dd8b}</UniqueIdentifier>
    </Filter>
    <Filter Include="GameEngine">
      <UniqueIdentifier>{c8466b10-f9c6-48e3-a10a-a28abb976a76}</UniqueIdentifier>
    </Filter>
    <Filter Include="GameEngine\WindowingSystem">
      <UniqueIdentifier>{f0c90e97-a3fc-4e51-8391-ffd998a0ef6b}</UniqueIdentifier>
    </Filter>
    <Filter Include="GameEngine\EngineTime">
      <UniqueIdentifier>{9646258e-0a7b-49e0-bbaf-5f53e3644082}</UniqueIdentifier>
    </Filter>
    <Filter Include="GameEngine\GraphicsEngine">
      <UniqueIdentifier>{72d26da3-2b18-4d9f-a636-af650f82ccd6}</UniqueIdentifier>
    </Filter>
    <Filter Include="HelperFiles">
      <UniqueIdentifier>{d6ebac9f-41ae-49c6-b2f2-74a70225be29}</UniqueIdentifier>
    </Filter>
    <Filter Include="GameEngine\Math">
      <UniqueIdentifier>{da8a9cba-26ed-400b-a874-201b8f008c0e}</UniqueIdentifier>
    </Filter>
    <Filter Include="GameEngine\InputSystem">
      <UniqueIdentifier>{8d4f8e21-08a2-4d46-bf21-ab2862c40140}</UniqueIdentifier>
    </Filter>
    <Filter Include="GameEngine\Camera">
      <UniqueIdentifier>{90569895-0e77-454b-b075-a2031b934c32}</UniqueIdentifier>
    </Filter>
    <Filter Include="GameEngine\GraphicsEngine\RenderSystem">
      <UniqueIdentifier>{b6a93cdd-f3e8-43c9-bc8a-3c33066cf22f}</UniqueIdentifier>
    </Filter>
    <Filter Include="GameEngine\GraphicsEngine\RenderSystem\PixelShader">
      <UniqueIdentifier>{39439e83-e6d0-43ab-be8a-4c74805e36c6}</UniqueIdentifier>
    </Filter>
    <Filter Include="GameEngine\GraphicsEngine\RenderSystem\SwapChain">
      <UniqueIdentifier>{4f88f815-8ec0-4fac-bb15-4ec097f4a2ca}</UniqueIdentifier>
    </Filter>
    <Filter Include="GameEngine\GraphicsEngine\RenderSystem\VertexBuffer">
      <UniqueIdentifier>{2c0617b2-e440-44b1-890e-6143c08fd2f6}</UniqueIdentifier>
    </Filter>
    <Filter Include="GameEngine\GraphicsEngine\RenderSystem\VertexShader">
      <UniqueIdentifier>{8cc0d468-bd91-4d37-beb0-b08a871c1a6d}</UniqueIdentifier>
    </Filter>
    <Filter Include="GameEngine\GraphicsEngine\RenderSystem\IndexBuffer">
      <UniqueIdentifier>{b624d3da-f08e-41b5-8d32-06f017869323}</UniqueIdentifier>
    </Filter>
    <Filter Include="GameEngine\GraphicsEngine\RenderSystem\GameObject">
      <UniqueIdentifier>{d2898102-0647-4ef9-908a-f18e66c1681e}</UniqueIdentifier>
    </Filter>
    <Filter Include="GameEngine\GraphicsEngine\RenderSystem\GameObject\Drawable">
      <UniqueIdentifier>{0243aacb-1d5e-4c85-8bad-6a7b6afe9484}</UniqueIdentifier>
    </Filter>
    <Filter Include="GameEngine\GraphicsEngine\RenderSystem\GameObject\Primitive2D">
      <UniqueIdentifier>{2a414c1f-7eba-4bce-b7af-ba02aac1d911}</UniqueIdentifier>
    </Filter>
    <Filter Include="GameEngine\GraphicsEngine\RenderSystem\GameObject\Primitive2D\Triangle">
      <UniqueIdentifier>{dc74f862-ab67-4f1a-8ab9-ef51444af66a}</UniqueIdentifier>
    </Filter>
    <Filter Include="GameEngine\GraphicsEngine\RenderSystem\GameObject\Primitive2D\Quad">
      <UniqueIdentifier>{585887f7-73dc-473c-aaed-81a71f78711e}</UniqueIdentifier>
    </Filter>
    <Filter Include="GameEngine\GraphicsEngine\RenderSystem\GameObject\Primitive2D\Circle">
      <UniqueIdentifier>{8dde6dfd-2087-4117-8535-3c74ec6371c7}</UniqueIdentifier>
    </Filter>
    <Filter Include="GameEngine\GraphicsEngine\RenderSystem\GameObject\Primitive3D">
      <UniqueIdentifier>{25481b37-713a-4a29-bb4c-a0eb8d4af36f}</UniqueIdentifier>
    </Filter>
    <Filter Include="GameEngine\GraphicsEngine\RenderSystem\GameObject\Primitive3D\Cube">
      <UniqueIdentifier>{677ea818-69b7-4fce-adbb-a909647f5425}</UniqueIdentifier>
    </Filter>
    <Filter Include="GameEngine\GraphicsEngine\RenderSystem\GameObject\Primitive3D\Plane">
      <UniqueIdentifier>{4aca81bb-593a-46be-ae55-d0ded2fa49cf}</UniqueIdentifier>
    </Filter>
    <Filter Include="GameEngine\GraphicsEngine\RenderSystem\GameObject\Primitive3D\Sphere">
      <UniqueIdentifier>{31a1d5fb-f8f9-416b-b596-68f0a3374d5b}</UniqueIdentifier>
    </Filter>
    <Filter Include="GameEngine\GraphicsEngine\RenderSystem\ConstantBuffer">
      <UniqueIdentifier>{c2512d6a-ca9e-4adf-be3f-28ef71edbfcf}</UniqueIdentifier>
    </Filter>
    <Filter Include="GameEngine\GraphicsEngine\RenderSystem\DeviceContext">
      <UniqueIdentifier>{e5d5a809-891c-488a-9f9f-5aae555e0f58}</UniqueIdentifier>
    </Filter>
    <Filter Include="GameEngine\UISystem">
      <UniqueIdentifier>{d0d6f257-b55f-47c6-8905-d2b5dbd35d39}</UniqueIdentifier>
    </Filter>
    <Filter Include="GameEngine\UISystem\ImGUI">
      <UniqueIdentifier>{7d9b46e2-ef66-4b65-a449-761e43806926}</UniqueIdentifier>
    </Filter>
    <Filter Include="GameEngine\UISystem\Screens">
      <UniqueIdentifier>{569975c5-5314-4c70-bd55-35b0ff42b505}</UniqueIdentifier>
    </Filter>
    <Filter Include="GameEngine\UISystem\Screens\MenuScreen">
      <UniqueIdentifier>{b82eda6c-b030-4ab1-ba21-85414e37bcf9}</UniqueIdentifier>
    </Filter>
    <Filter Include="GameEngine\UISystem\Screens\CreditsScreen">
      <UniqueIdentifier>{2991ffca-2fcb-441e-9f6a-d7cd1fa769ff}</UniqueIdentifier>
    </Filter>
    <Filter Include="GameEngine\UISystem\Screens\ColorPickerScreen">
      <UniqueIdentifier>{cbb4caa8-d767-4f45-aad5-2a6fb328c217}</UniqueIdentifier>
    </Filter>
    <Filter Include="GameEngine\GraphicsEngine\ResourceManager">
      <UniqueIdentifier>{b97366d9-f2f3-4def-a913-3cb7b8f2a944}</UniqueIdentifier>
    </Filter>
    <Filter Include="GameEngine\GraphicsEngine\ResourceManager\TextureManager">
      <UniqueIdentifier>{1276113b-5bd8-4415-8de6-8c2faf359424}</UniqueIdentifier>
    </Filter>
    <Filter Include="App\PixelShaders">
      <UniqueIdentifier>{ad3f0377-f7b1-47b5-8248-980e006552a8}</UniqueIdentifier>
    </Filter>
    <Filter Include="App\VertexShaders">
      <UniqueIdentifier>{fb71c759-c733-4c2e-81db-f1c6c09f1fe8}</UniqueIdentifier>
    </Filter>
    <Filter Include="GameEngine\UISystem\Screens\ProfilerScreen">
      <UniqueIdentifier>{796c7f1f-6cd6-4be9-a9e2-eaf931cc0f6a}</UniqueIdentifier>
    </Filter>
    <Filter Include="GameEngine\UISystem\Screens\InspectorScreen">
      <UniqueIdentifier>{09f9ffbb-61e9-42ea-9456-ebae784628a3}</UniqueIdentifier>
    </Filter>
    <Filter Include="GameEngine\UISystem\Screens\HierarchyScreen">
      <UniqueIdentifier>{9ff3297f-b8cd-4ea7-a9e3-e6fb7f5a6045}</UniqueIdentifier>
    </Filter>
    <Filter Include="GameEngine\UISystem\Screens\PlaceGameObjectScreen">
      <UniqueIdentifier>{579d02e5-8701-4d59-a484-a4f04062706b}</UniqueIdentifier>
    </Filter>
  </ItemGroup>
  <ItemGroup>
    <ClCompile Include="main.cpp">
      <Filter>App</Filter>
    </ClCompile>
    <ClCompile Include="Window.cpp">
      <Filter>GameEngine\WindowingSystem</Filter>
    </ClCompile>
    <ClCompile Include="EngineTime.cpp">
      <Filter>GameEngine\EngineTime</Filter>
    </ClCompile>
    <ClCompile Include="AppWindow.cpp">
      <Filter>App</Filter>
    </ClCompile>
    <ClCompile Include="GraphicsEngine.cpp">
      <Filter>GameEngine\GraphicsEngine</Filter>
    </ClCompile>
    <ClCompile Include="SwapChain.cpp">
      <Filter>GameEngine\GraphicsEngine\RenderSystem\SwapChain</Filter>
    </ClCompile>
    <ClCompile Include="DeviceContext.cpp">
      <Filter>GameEngine\GraphicsEngine\RenderSystem\DeviceContext</Filter>
    </ClCompile>
    <ClCompile Include="Vector3D.cpp">
      <Filter>GameEngine\Math</Filter>
    </ClCompile>
    <ClCompile Include="GameObject.cpp">
      <Filter>GameEngine\GraphicsEngine\RenderSystem\GameObject</Filter>
    </ClCompile>
    <ClCompile Include="Drawable.cpp">
      <Filter>GameEngine\GraphicsEngine\RenderSystem\GameObject\Drawable</Filter>
    </ClCompile>
    <ClCompile Include="VertexBuffer.cpp">
      <Filter>GameEngine\GraphicsEngine\RenderSystem\VertexBuffer</Filter>
    </ClCompile>
    <ClCompile Include="Triangle.cpp">
      <Filter>GameEngine\GraphicsEngine\RenderSystem\GameObject\Primitive2D\Triangle</Filter>
    </ClCompile>
    <ClCompile Include="VertexShader.cpp">
      <Filter>GameEngine\GraphicsEngine\RenderSystem\VertexShader</Filter>
    </ClCompile>
    <ClCompile Include="PixelShader.cpp">
      <Filter>GameEngine\GraphicsEngine\RenderSystem\PixelShader</Filter>
    </ClCompile>
    <ClCompile Include="Quad.cpp">
      <Filter>GameEngine\GraphicsEngine\RenderSystem\GameObject\Primitive2D\Quad</Filter>
    </ClCompile>
    <ClCompile Include="Circle.cpp">
      <Filter>GameEngine\GraphicsEngine\RenderSystem\GameObject\Primitive2D\Circle</Filter>
    </ClCompile>
    <ClCompile Include="ConstantBuffer.cpp">
      <Filter>GameEngine\GraphicsEngine\RenderSystem\ConstantBuffer</Filter>
    </ClCompile>
    <ClCompile Include="Matrix4x4.cpp">
      <Filter>GameEngine\Math</Filter>
    </ClCompile>
    <ClCompile Include="Cube.cpp">
      <Filter>GameEngine\GraphicsEngine\RenderSystem\GameObject\Primitive3D\Cube</Filter>
    </ClCompile>
    <ClCompile Include="IndexBuffer.cpp">
      <Filter>GameEngine\GraphicsEngine\RenderSystem\IndexBuffer</Filter>
    </ClCompile>
    <ClCompile Include="InputSystem.cpp">
      <Filter>GameEngine\InputSystem</Filter>
    </ClCompile>
    <ClCompile Include="Vector2D.cpp">
      <Filter>GameEngine\Math</Filter>
    </ClCompile>
    <ClCompile Include="Vector4D.cpp">
      <Filter>GameEngine\Math</Filter>
    </ClCompile>
    <ClCompile Include="Plane.cpp">
      <Filter>GameEngine\GraphicsEngine\RenderSystem\GameObject\Primitive3D\Plane</Filter>
    </ClCompile>
    <ClCompile Include="GameObjectManager.cpp">
      <Filter>GameEngine\GraphicsEngine\RenderSystem\GameObject</Filter>
    </ClCompile>
    <ClCompile Include="Camera.cpp">
      <Filter>GameEngine\Camera</Filter>
    </ClCompile>
    <ClCompile Include="Sphere.cpp">
      <Filter>GameEngine\GraphicsEngine\RenderSystem\GameObject\Primitive3D\Sphere</Filter>
    </ClCompile>
    <ClCompile Include="SceneCameraHandler.cpp">
      <Filter>GameEngine\Camera</Filter>
    </ClCompile>
    <ClCompile Include="RenderSystem.cpp">
      <Filter>GameEngine\GraphicsEngine\RenderSystem</Filter>
    </ClCompile>
    <ClCompile Include="UIManager.cpp">
      <Filter>GameEngine\UISystem</Filter>
    </ClCompile>
    <ClCompile Include="UIScreen.cpp">
      <Filter>GameEngine\UISystem</Filter>
    </ClCompile>
    <ClCompile Include="MenuScreen.cpp">
      <Filter>GameEngine\UISystem\Screens\MenuScreen</Filter>
    </ClCompile>
    <ClCompile Include="CreditsScreen.cpp">
      <Filter>GameEngine\UISystem\Screens\CreditsScreen</Filter>
    </ClCompile>
    <ClCompile Include="ColorPickerScreen.cpp">
      <Filter>GameEngine\UISystem\Screens\ColorPickerScreen</Filter>
    </ClCompile>
    <ClCompile Include="ResourceManager.cpp">
      <Filter>GameEngine\GraphicsEngine\ResourceManager</Filter>
    </ClCompile>
    <ClCompile Include="Resource.cpp">
      <Filter>GameEngine\GraphicsEngine\ResourceManager</Filter>
    </ClCompile>
    <ClCompile Include="TextureManager.cpp">
      <Filter>GameEngine\GraphicsEngine\ResourceManager\TextureManager</Filter>
    </ClCompile>
    <ClCompile Include="Texture.cpp">
      <Filter>GameEngine\GraphicsEngine\ResourceManager\TextureManager</Filter>
    </ClCompile>
    <ClCompile Include="Libs\imgui\imgui.cpp">
      <Filter>GameEngine\UISystem\ImGUI</Filter>
    </ClCompile>
    <ClCompile Include="Libs\imgui\imgui_demo.cpp">
      <Filter>GameEngine\UISystem\ImGUI</Filter>
    </ClCompile>
    <ClCompile Include="Libs\imgui\imgui_draw.cpp">
      <Filter>GameEngine\UISystem\ImGUI</Filter>
    </ClCompile>
    <ClCompile Include="Libs\imgui\imgui_impl_dx11.cpp">
      <Filter>GameEngine\UISystem\ImGUI</Filter>
    </ClCompile>
    <ClCompile Include="Libs\imgui\imgui_impl_win32.cpp">
      <Filter>GameEngine\UISystem\ImGUI</Filter>
    </ClCompile>
    <ClCompile Include="Libs\imgui\imgui_tables.cpp">
      <Filter>GameEngine\UISystem\ImGUI</Filter>
    </ClCompile>
    <ClCompile Include="Libs\imgui\imgui_widgets.cpp">
      <Filter>GameEngine\UISystem\ImGUI</Filter>
    </ClCompile>
    <ClCompile Include="ProfilerScreen.cpp">
      <Filter>GameEngine\UISystem\Screens\ProfilerScreen</Filter>
    </ClCompile>
    <ClCompile Include="InspectorScreen.cpp">
      <Filter>GameEngine\UISystem\Screens\InspectorScreen</Filter>
    </ClCompile>
    <ClCompile Include="Libs\imgui\imgui_stdlib.cpp">
      <Filter>GameEngine\UISystem\ImGUI</Filter>
    </ClCompile>
    <ClCompile Include="HierarchyScreen.cpp">
      <Filter>GameEngine\UISystem\Screens\HierarchyScreen</Filter>
    </ClCompile>
    <ClCompile Include="PlaceObjectScreen.cpp">
      <Filter>GameEngine\UISystem\Screens\PlaceGameObjectScreen</Filter>
    </ClCompile>
  </ItemGroup>
  <ItemGroup>
    <ClInclude Include="Window.h">
      <Filter>GameEngine\WindowingSystem</Filter>
    </ClInclude>
    <ClInclude Include="EngineTime.h">
      <Filter>GameEngine\EngineTime</Filter>
    </ClInclude>
    <ClInclude Include="AppWindow.h">
      <Filter>App</Filter>
    </ClInclude>
    <ClInclude Include="GraphicsEngine.h">
      <Filter>GameEngine\GraphicsEngine</Filter>
    </ClInclude>
    <ClInclude Include="SwapChain.h">
      <Filter>GameEngine\GraphicsEngine\RenderSystem\SwapChain</Filter>
    </ClInclude>
    <ClInclude Include="DeviceContext.h">
      <Filter>GameEngine\GraphicsEngine\RenderSystem\DeviceContext</Filter>
    </ClInclude>
    <ClInclude Include="Colors.h">
      <Filter>HelperFiles</Filter>
    </ClInclude>
    <ClInclude Include="Vector3D.h">
      <Filter>GameEngine\Math</Filter>
    </ClInclude>
    <ClInclude Include="GameObject.h">
      <Filter>GameEngine\GraphicsEngine\RenderSystem\GameObject</Filter>
    </ClInclude>
    <ClInclude Include="Drawable.h">
      <Filter>GameEngine\GraphicsEngine\RenderSystem\GameObject\Drawable</Filter>
    </ClInclude>
    <ClInclude Include="VertexBuffer.h">
      <Filter>GameEngine\GraphicsEngine\RenderSystem\VertexBuffer</Filter>
    </ClInclude>
    <ClInclude Include="Triangle.h">
      <Filter>GameEngine\GraphicsEngine\RenderSystem\GameObject\Primitive2D\Triangle</Filter>
    </ClInclude>
    <ClInclude Include="VertexShader.h">
      <Filter>GameEngine\GraphicsEngine\RenderSystem\VertexShader</Filter>
    </ClInclude>
    <ClInclude Include="PixelShader.h">
      <Filter>GameEngine\GraphicsEngine\RenderSystem\PixelShader</Filter>
    </ClInclude>
    <ClInclude Include="Quad.h">
      <Filter>GameEngine\GraphicsEngine\RenderSystem\GameObject\Primitive2D\Quad</Filter>
    </ClInclude>
    <ClInclude Include="Circle.h">
      <Filter>GameEngine\GraphicsEngine\RenderSystem\GameObject\Primitive2D\Circle</Filter>
    </ClInclude>
    <ClInclude Include="ConstantBuffer.h">
      <Filter>GameEngine\GraphicsEngine\RenderSystem\ConstantBuffer</Filter>
    </ClInclude>
    <ClInclude Include="Matrix4x4.h">
      <Filter>GameEngine\Math</Filter>
    </ClInclude>
    <ClInclude Include="Cube.h">
      <Filter>GameEngine\GraphicsEngine\RenderSystem\GameObject\Primitive3D\Cube</Filter>
    </ClInclude>
    <ClInclude Include="IndexBuffer.h">
      <Filter>GameEngine\GraphicsEngine\RenderSystem\IndexBuffer</Filter>
    </ClInclude>
    <ClInclude Include="InputSystem.h">
      <Filter>GameEngine\InputSystem</Filter>
    </ClInclude>
    <ClInclude Include="Vector2D.h">
      <Filter>GameEngine\Math</Filter>
    </ClInclude>
    <ClInclude Include="Vertex.h">
      <Filter>HelperFiles</Filter>
    </ClInclude>
    <ClInclude Include="Vector4D.h">
      <Filter>GameEngine\Math</Filter>
    </ClInclude>
    <ClInclude Include="Plane.h">
      <Filter>GameEngine\GraphicsEngine\RenderSystem\GameObject\Primitive3D\Plane</Filter>
    </ClInclude>
    <ClInclude Include="InputListener.h">
      <Filter>GameEngine\InputSystem</Filter>
    </ClInclude>
    <ClInclude Include="GameObjectManager.h">
      <Filter>GameEngine\GraphicsEngine\RenderSystem\GameObject</Filter>
    </ClInclude>
    <ClInclude Include="Camera.h">
      <Filter>GameEngine\Camera</Filter>
    </ClInclude>
    <ClInclude Include="Sphere.h">
      <Filter>GameEngine\GraphicsEngine\RenderSystem\GameObject\Primitive3D\Sphere</Filter>
    </ClInclude>
    <ClInclude Include="SceneCameraHandler.h">
      <Filter>GameEngine\Camera</Filter>
    </ClInclude>
    <ClInclude Include="RenderSystem.h">
      <Filter>GameEngine\GraphicsEngine\RenderSystem</Filter>
    </ClInclude>
    <ClInclude Include="Prerequisites.h">
      <Filter>GameEngine\GraphicsEngine</Filter>
    </ClInclude>
    <ClInclude Include="UIManager.h">
      <Filter>GameEngine\UISystem</Filter>
    </ClInclude>
    <ClInclude Include="UIScreen.h">
      <Filter>GameEngine\UISystem</Filter>
    </ClInclude>
    <ClInclude Include="MenuScreen.h">
      <Filter>GameEngine\UISystem\Screens\MenuScreen</Filter>
    </ClInclude>
    <ClInclude Include="CreditsScreen.h">
      <Filter>GameEngine\UISystem\Screens\CreditsScreen</Filter>
    </ClInclude>
    <ClInclude Include="ColorPickerScreen.h">
      <Filter>GameEngine\UISystem\Screens\ColorPickerScreen</Filter>
    </ClInclude>
    <ClInclude Include="ResourceManager.h">
      <Filter>GameEngine\GraphicsEngine\ResourceManager</Filter>
    </ClInclude>
    <ClInclude Include="Resource.h">
      <Filter>GameEngine\GraphicsEngine\ResourceManager</Filter>
    </ClInclude>
    <ClInclude Include="TextureManager.h">
      <Filter>GameEngine\GraphicsEngine\ResourceManager\TextureManager</Filter>
    </ClInclude>
    <ClInclude Include="Texture.h">
      <Filter>GameEngine\GraphicsEngine\ResourceManager\TextureManager</Filter>
    </ClInclude>
    <ClInclude Include="Libs\imgui\imconfig.h">
      <Filter>GameEngine\UISystem\ImGUI</Filter>
    </ClInclude>
    <ClInclude Include="Libs\imgui\imgui.h">
      <Filter>GameEngine\UISystem\ImGUI</Filter>
    </ClInclude>
    <ClInclude Include="Libs\imgui\imgui_impl_dx11.h">
      <Filter>GameEngine\UISystem\ImGUI</Filter>
    </ClInclude>
    <ClInclude Include="Libs\imgui\imgui_impl_win32.h">
      <Filter>GameEngine\UISystem\ImGUI</Filter>
    </ClInclude>
    <ClInclude Include="Libs\imgui\imgui_internal.h">
      <Filter>GameEngine\UISystem\ImGUI</Filter>
    </ClInclude>
    <ClInclude Include="Libs\imgui\imstb_rectpack.h">
      <Filter>GameEngine\UISystem\ImGUI</Filter>
    </ClInclude>
    <ClInclude Include="Libs\imgui\imstb_textedit.h">
      <Filter>GameEngine\UISystem\ImGUI</Filter>
    </ClInclude>
    <ClInclude Include="Libs\imgui\imstb_truetype.h">
      <Filter>GameEngine\UISystem\ImGUI</Filter>
    </ClInclude>
    <ClInclude Include="ProfilerScreen.h">
      <Filter>GameEngine\UISystem\Screens\ProfilerScreen</Filter>
    </ClInclude>
    <ClInclude Include="InspectorScreen.h">
      <Filter>GameEngine\UISystem\Screens\InspectorScreen</Filter>
    </ClInclude>
    <ClInclude Include="Libs\imgui\imgui_stdlib.h">
      <Filter>GameEngine\UISystem\ImGUI</Filter>
    </ClInclude>
    <ClInclude Include="HierarchyScreen.h">
      <Filter>GameEngine\UISystem\Screens\HierarchyScreen</Filter>
    </ClInclude>
    <ClInclude Include="PlaceObjectScreen.h">
      <Filter>GameEngine\UISystem\Screens\PlaceGameObjectScreen</Filter>
    </ClInclude>
  </ItemGroup>
  <ItemGroup>
    <FxCompile Include="PixelShader.hlsl">
      <Filter>App\PixelShaders</Filter>
    </FxCompile>
    <FxCompile Include="TexturedVertexShader.hlsl">
      <Filter>App\VertexShaders</Filter>
    </FxCompile>
    <FxCompile Include="VertexShader.hlsl">
      <Filter>App\VertexShaders</Filter>
    </FxCompile>
    <FxCompile Include="TexturedPixelShader.hlsl">
      <Filter>App\PixelShaders</Filter>
    </FxCompile>
  </ItemGroup>
</Project>