<?xml version="1.0" encoding="utf-8"?>
<Project ToolsVersion="4.0" xmlns="http://schemas.microsoft.com/developer/msbuild/2003">
  <ItemGroup>
    <Filter Include="App">
      <UniqueIdentifier>{03c384f4-9a6c-4d05-8e43-fc2a62360875}</UniqueIdentifier>
    </Filter>
    <Filter Include="GameEngine">
      <UniqueIdentifier>{cf37d018-4089-4878-9744-5ca07da2462c}</UniqueIdentifier>
    </Filter>
    <Filter Include="GameEngine\WindowingSystem">
      <UniqueIdentifier>{51f074ac-b876-4dd1-83a3-ae48017e36c7}</UniqueIdentifier>
    </Filter>
    <Filter Include="GameEngine\GraphicsEngine">
      <UniqueIdentifier>{ecc2b990-c314-4b79-ba2f-ee6857820ad8}</UniqueIdentifier>
    </Filter>
    <Filter Include="GameEngine\GraphicsEngine\SwapChain">
      <UniqueIdentifier>{128c116f-cc67-4071-a759-c7903db88941}</UniqueIdentifier>
    </Filter>
    <Filter Include="GameEngine\GraphicsEngine\DeviceContext">
      <UniqueIdentifier>{06d8c0e2-e121-4cb7-aaac-94d206558116}</UniqueIdentifier>
    </Filter>
    <Filter Include="GameEngine\GraphicsEngine\VertexBuffer">
      <UniqueIdentifier>{7e62b591-ebd4-4e23-9c0b-9bfabc63a22a}</UniqueIdentifier>
    </Filter>
    <Filter Include="GameEngine\GraphicsEngine\VertexShader">
      <UniqueIdentifier>{d80f4d6d-9638-4d7c-b4a3-53372257252b}</UniqueIdentifier>
    </Filter>
    <Filter Include="GameEngine\GraphicsEngine\PixelShader">
      <UniqueIdentifier>{bbe09c82-6cb9-4d3d-866d-8a2e87f69d59}</UniqueIdentifier>
    </Filter>
    <Filter Include="GameEngine\GraphicsEngine\GameObject">
      <UniqueIdentifier>{239dea9c-a2b8-4162-bfdc-5f42656b3c48}</UniqueIdentifier>
    </Filter>
    <Filter Include="GameEngine\GraphicsEngine\GameObject\Drawable">
      <UniqueIdentifier>{416333ac-550d-43b3-b394-d9e89a28e926}</UniqueIdentifier>
    </Filter>
    <Filter Include="GameEngine\GraphicsEngine\GameObject\Drawable\Primitive">
      <UniqueIdentifier>{2694d93e-c5ee-4fe6-9770-a89b7d33f91a}</UniqueIdentifier>
    </Filter>
    <Filter Include="GameEngine\GraphicsEngine\BlendState">
      <UniqueIdentifier>{ae0f441e-c73c-46d5-bc09-3f0a59598d74}</UniqueIdentifier>
    </Filter>
  </ItemGroup>
  <ItemGroup>
    <ClCompile Include="main.cpp">
      <Filter>App</Filter>
    </ClCompile>
    <ClCompile Include="AppWindow.cpp">
      <Filter>App</Filter>
    </ClCompile>
    <ClCompile Include="Window.cpp">
      <Filter>GameEngine\WindowingSystem</Filter>
    </ClCompile>
    <ClCompile Include="GraphicsEngine.cpp">
      <Filter>GameEngine\GraphicsEngine</Filter>
    </ClCompile>
    <ClCompile Include="SwapChain.cpp">
      <Filter>GameEngine\GraphicsEngine\SwapChain</Filter>
    </ClCompile>
    <ClCompile Include="DeviceContext.cpp">
      <Filter>GameEngine\GraphicsEngine\DeviceContext</Filter>
    </ClCompile>
    <ClCompile Include="VertexBuffer.cpp">
      <Filter>GameEngine\GraphicsEngine\VertexBuffer</Filter>
    </ClCompile>
    <ClCompile Include="VertexShader.cpp">
      <Filter>GameEngine\GraphicsEngine\VertexShader</Filter>
    </ClCompile>
    <ClCompile Include="PixelShader.cpp">
      <Filter>GameEngine\GraphicsEngine\PixelShader</Filter>
    </ClCompile>
    <ClCompile Include="Drawable.cpp">
      <Filter>GameEngine\GraphicsEngine\GameObject\Drawable</Filter>
    </ClCompile>
    <ClCompile Include="Quad.cpp">
      <Filter>GameEngine\GraphicsEngine\GameObject\Drawable\Primitive</Filter>
    </ClCompile>
    <ClCompile Include="BlendState.cpp">
      <Filter>GameEngine\GraphicsEngine\BlendState</Filter>
    </ClCompile>
  </ItemGroup>
  <ItemGroup>
    <ClInclude Include="AppWindow.h">
      <Filter>App</Filter>
    </ClInclude>
    <ClInclude Include="Window.h">
      <Filter>GameEngine\WindowingSystem</Filter>
    </ClInclude>
    <ClInclude Include="GraphicsEngine.h">
      <Filter>GameEngine\GraphicsEngine</Filter>
    </ClInclude>
    <ClInclude Include="SwapChain.h">
      <Filter>GameEngine\GraphicsEngine\SwapChain</Filter>
    </ClInclude>
    <ClInclude Include="DeviceContext.h">
      <Filter>GameEngine\GraphicsEngine\DeviceContext</Filter>
    </ClInclude>
    <ClInclude Include="VertexBuffer.h">
      <Filter>GameEngine\GraphicsEngine\VertexBuffer</Filter>
    </ClInclude>
    <ClInclude Include="VertexShader.h">
      <Filter>GameEngine\GraphicsEngine\VertexShader</Filter>
    </ClInclude>
    <ClInclude Include="PixelShader.h">
      <Filter>GameEngine\GraphicsEngine\PixelShader</Filter>
    </ClInclude>
    <ClInclude Include="Vertex.h">
      <Filter>HelperFiles</Filter>
    </ClInclude>
    <ClInclude Include="Drawable.h">
      <Filter>GameEngine\GraphicsEngine\GameObject\Drawable</Filter>
    </ClInclude>
    <ClInclude Include="Quad.h">
      <Filter>GameEngine\GraphicsEngine\GameObject\Drawable\Primitive</Filter>
    </ClInclude>
    <ClInclude Include="BlendState.h">
      <Filter>GameEngine\GraphicsEngine\BlendState</Filter>
    </ClInclude>
  </ItemGroup>
  <ItemGroup>
    <FxCompile Include="VertexShader.hlsl">
      <Filter>App</Filter>
    </FxCompile>
    <FxCompile Include="PixelShader.hlsl">
      <Filter>App</Filter>
    </FxCompile>
  </ItemGroup>
</Project>